
Microsoft Visual Studio Solution File, Format Version 12.00
# Visual Studio Version 16
VisualStudioVersion = 16.0.29709.97
MinimumVisualStudioVersion = 10.0.40219.1
Project("{FAE04EC0-301F-11D3-BF4B-00C04F79EFBC}") = "UndefinedApp.Android", "UndefinedApp.Android\UndefinedApp.Android.csproj", "{0DF781EA-E735-4804-AFF7-84FD6B97E63B}"
EndProject
Project("{FAE04EC0-301F-11D3-BF4B-00C04F79EFBC}") = "UndefinedApp.iOS", "UndefinedApp.iOS\UndefinedApp.iOS.csproj", "{304AB305-7F53-427F-93F8-51357C2325E5}"
EndProject
Project("{FAE04EC0-301F-11D3-BF4B-00C04F79EFBC}") = "UndefinedApp", "UndefinedApp\UndefinedApp.csproj", "{0939BF08-25AD-45D1-911E-499366184E37}"
EndProject
Global
	GlobalSection(SolutionConfigurationPlatforms) = preSolution
		Debug|Any CPU = Debug|Any CPU
		Debug|iPhone = Debug|iPhone
		Debug|iPhoneSimulator = Debug|iPhoneSimulator
		Release|Any CPU = Release|Any CPU
		Release|iPhone = Release|iPhone
		Release|iPhoneSimulator = Release|iPhoneSimulator
	EndGlobalSection
	GlobalSection(ProjectConfigurationPlatforms) = postSolution
		{0DF781EA-E735-4804-AFF7-84FD6B97E63B}.Debug|Any CPU.ActiveCfg = Debug|Any CPU
		{0DF781EA-E735-4804-AFF7-84FD6B97E63B}.Debug|Any CPU.Build.0 = Debug|Any CPU
		{0DF781EA-E735-4804-AFF7-84FD6B97E63B}.Debug|Any CPU.Deploy.0 = Debug|Any CPU
		{0DF781EA-E735-4804-AFF7-84FD6B97E63B}.Debug|iPhone.ActiveCfg = Debug|Any CPU
		{0DF781EA-E735-4804-AFF7-84FD6B97E63B}.Debug|iPhone.Build.0 = Debug|Any CPU
		{0DF781EA-E735-4804-AFF7-84FD6B97E63B}.Debug|iPhone.Deploy.0 = Debug|Any CPU
		{0DF781EA-E735-4804-AFF7-84FD6B97E63B}.Debug|iPhoneSimulator.ActiveCfg = Debug|Any CPU
		{0DF781EA-E735-4804-AFF7-84FD6B97E63B}.Debug|iPhoneSimulator.Build.0 = Debug|Any CPU
		{0DF781EA-E735-4804-AFF7-84FD6B97E63B}.Debug|iPhoneSimulator.Deploy.0 = Debug|Any CPU
		{0DF781EA-E735-4804-AFF7-84FD6B97E63B}.Release|Any CPU.ActiveCfg = Release|Any CPU
		{0DF781EA-E735-4804-AFF7-84FD6B97E63B}.Release|Any CPU.Build.0 = Release|Any CPU
		{0DF781EA-E735-4804-AFF7-84FD6B97E63B}.Release|Any CPU.Deploy.0 = Release|Any CPU
		{0DF781EA-E735-4804-AFF7-84FD6B97E63B}.Release|iPhone.ActiveCfg = Release|Any CPU
		{0DF781EA-E735-4804-AFF7-84FD6B97E63B}.Release|iPhone.Build.0 = Release|Any CPU
		{0DF781EA-E735-4804-AFF7-84FD6B97E63B}.Release|iPhone.Deploy.0 = Release|Any CPU
		{0DF781EA-E735-4804-AFF7-84FD6B97E63B}.Release|iPhoneSimulator.ActiveCfg = Release|Any CPU
		{0DF781EA-E735-4804-AFF7-84FD6B97E63B}.Release|iPhoneSimulator.Build.0 = Release|Any CPU
		{0DF781EA-E735-4804-AFF7-84FD6B97E63B}.Release|iPhoneSimulator.Deploy.0 = Release|Any CPU
		{304AB305-7F53-427F-93F8-51357C2325E5}.Debug|Any CPU.ActiveCfg = Debug|iPhoneSimulator
		{304AB305-7F53-427F-93F8-51357C2325E5}.Debug|Any CPU.Build.0 = Debug|iPhoneSimulator
		{304AB305-7F53-427F-93F8-51357C2325E5}.Debug|Any CPU.Deploy.0 = Debug|iPhoneSimulator
		{304AB305-7F53-427F-93F8-51357C2325E5}.Debug|iPhone.ActiveCfg = Debug|iPhone
		{304AB305-7F53-427F-93F8-51357C2325E5}.Debug|iPhone.Build.0 = Debug|iPhone
		{304AB305-7F53-427F-93F8-51357C2325E5}.Debug|iPhone.Deploy.0 = Debug|iPhone
		{304AB305-7F53-427F-93F8-51357C2325E5}.Debug|iPhoneSimulator.ActiveCfg = Debug|iPhoneSimulator
		{304AB305-7F53-427F-93F8-51357C2325E5}.Debug|iPhoneSimulator.Build.0 = Debug|iPhoneSimulator
		{304AB305-7F53-427F-93F8-51357C2325E5}.Debug|iPhoneSimulator.Deploy.0 = Debug|iPhoneSimulator
		{304AB305-7F53-427F-93F8-51357C2325E5}.Release|Any CPU.ActiveCfg = Release|iPhone
		{304AB305-7F53-427F-93F8-51357C2325E5}.Release|Any CPU.Build.0 = Release|iPhone
		{304AB305-7F53-427F-93F8-51357C2325E5}.Release|Any CPU.Deploy.0 = Release|iPhone
		{304AB305-7F53-427F-93F8-51357C2325E5}.Release|iPhone.ActiveCfg = Release|iPhone
		{304AB305-7F53-427F-93F8-51357C2325E5}.Release|iPhone.Build.0 = Release|iPhone
		{304AB305-7F53-427F-93F8-51357C2325E5}.Release|iPhone.Deploy.0 = Release|iPhone
		{304AB305-7F53-427F-93F8-51357C2325E5}.Release|iPhoneSimulator.ActiveCfg = Release|iPhoneSimulator
		{304AB305-7F53-427F-93F8-51357C2325E5}.Release|iPhoneSimulator.Build.0 = Release|iPhoneSimulator
		{304AB305-7F53-427F-93F8-51357C2325E5}.Release|iPhoneSimulator.Deploy.0 = Release|iPhoneSimulator
		{0939BF08-25AD-45D1-911E-499366184E37}.Debug|Any CPU.ActiveCfg = Debug|Any CPU
		{0939BF08-25AD-45D1-911E-499366184E37}.Debug|Any CPU.Build.0 = Debug|Any CPU
		{0939BF08-25AD-45D1-911E-499366184E37}.Debug|Any CPU.Deploy.0 = Debug|Any CPU
		{0939BF08-25AD-45D1-911E-499366184E37}.Debug|iPhone.ActiveCfg = Debug|Any CPU
		{0939BF08-25AD-45D1-911E-499366184E37}.Debug|iPhone.Build.0 = Debug|Any CPU
		{0939BF08-25AD-45D1-911E-499366184E37}.Debug|iPhone.Deploy.0 = Debug|Any CPU
		{0939BF08-25AD-45D1-911E-499366184E37}.Debug|iPhoneSimulator.ActiveCfg = Debug|Any CPU
		{0939BF08-25AD-45D1-911E-499366184E37}.Debug|iPhoneSimulator.Build.0 = Debug|Any CPU
		{0939BF08-25AD-45D1-911E-499366184E37}.Debug|iPhoneSimulator.Deploy.0 = Debug|Any CPU
		{0939BF08-25AD-45D1-911E-499366184E37}.Release|Any CPU.ActiveCfg = Release|Any CPU
		{0939BF08-25AD-45D1-911E-499366184E37}.Release|Any CPU.Build.0 = Release|Any CPU
		{0939BF08-25AD-45D1-911E-499366184E37}.Release|Any CPU.Deploy.0 = Release|Any CPU
		{0939BF08-25AD-45D1-911E-499366184E37}.Release|iPhone.ActiveCfg = Release|Any CPU
		{0939BF08-25AD-45D1-911E-499366184E37}.Release|iPhone.Build.0 = Release|Any CPU
		{0939BF08-25AD-45D1-911E-499366184E37}.Release|iPhone.Deploy.0 = Release|Any CPU
		{0939BF08-25AD-45D1-911E-499366184E37}.Release|iPhoneSimulator.ActiveCfg = Release|Any CPU
		{0939BF08-25AD-45D1-911E-499366184E37}.Release|iPhoneSimulator.Build.0 = Release|Any CPU
		{0939BF08-25AD-45D1-911E-499366184E37}.Release|iPhoneSimulator.Deploy.0 = Release|Any CPU
	EndGlobalSection
	GlobalSection(SolutionProperties) = preSolution
		HideSolutionNode = FALSE
	EndGlobalSection
	GlobalSection(ExtensibilityGlobals) = postSolution
		SolutionGuid = {053272FB-D4BA-437F-A26C-94B166225B0B}
	EndGlobalSection
EndGlobal
